
Microsoft Visual Studio Solution File, Format Version 12.00
# Visual Studio Version 16
VisualStudioVersion = 16.0.29025.244
MinimumVisualStudioVersion = 10.0.40219.1
Project("{FAE04EC0-301F-11D3-BF4B-00C04F79EFBC}") = "SeedDatabase", "SeedDatabase\SeedDatabase.csproj", "{B3FD9202-8029-4658-81C6-C8A447536784}"
EndProject
Global
	GlobalSection(SolutionConfigurationPlatforms) = preSolution
		Debug|Any CPU = Debug|Any CPU
		Release|Any CPU = Release|Any CPU
	EndGlobalSection
	GlobalSection(ProjectConfigurationPlatforms) = postSolution
		{B3FD9202-8029-4658-81C6-C8A447536784}.Debug|Any CPU.ActiveCfg = Debug|Any CPU
		{B3FD9202-8029-4658-81C6-C8A447536784}.Debug|Any CPU.Build.0 = Debug|Any CPU
		{B3FD9202-8029-4658-81C6-C8A447536784}.Release|Any CPU.ActiveCfg = Release|Any CPU
		{B3FD9202-8029-4658-81C6-C8A447536784}.Release|Any CPU.Build.0 = Release|Any CPU
	EndGlobalSection
	GlobalSection(SolutionProperties) = preSolution
		HideSolutionNode = FALSE
	EndGlobalSection
	GlobalSection(ExtensibilityGlobals) = postSolution
		SolutionGuid = {7BECAE43-B4DA-4065-8D8F-661DED059D60}
	EndGlobalSection
EndGlobal
